// !$*UTF8*$!
{
	archiveVersion = 1;
	classes = {
	};
	objectVersion = 77;
	objects = {

/* Begin PBXBuildFile section */
		1E5097D82EAE396A00DA0C45 /* AppDelegate.swift in Sources */ = {isa = PBXBuildFile; fileRef = 1E5097CF2EAE396A00DA0C45 /* AppDelegate.swift */; };
		1E5097D92EAE396A00DA0C45 /* SceneDelegate.swift in Sources */ = {isa = PBXBuildFile; fileRef = 1E5097D42EAE396A00DA0C45 /* SceneDelegate.swift */; };
		1E5097DB2EAE396A00DA0C45 /* Assets.xcassets in Resources */ = {isa = PBXBuildFile; fileRef = 1E5097D02EAE396A00DA0C45 /* Assets.xcassets */; };
		1E5097DD2EAE396A00DA0C45 /* LaunchScreen.storyboard in Resources */ = {isa = PBXBuildFile; fileRef = 1E5097D22EAE396A00DA0C45 /* LaunchScreen.storyboard */; };
		1E5099652EB22A4600DA0C45 /* Then in Frameworks */ = {isa = PBXBuildFile; productRef = 1E5099642EB22A4600DA0C45 /* Then */; };
		1E6F3BA62EA38B3D007B5D26 /* SnapKit in Frameworks */ = {isa = PBXBuildFile; productRef = 1E6F3BA52EA38B3D007B5D26 /* SnapKit */; };
/* End PBXBuildFile section */

/* Begin PBXContainerItemProxy section */
		1EC085782EC8A6E1005FCD59 /* PBXContainerItemProxy */ = {
			isa = PBXContainerItemProxy;
			containerPortal = 1E6F3B6F2EA35E91007B5D26 /* Project object */;
			proxyType = 1;
			remoteGlobalIDString = 1E6F3B762EA35E91007B5D26;
			remoteInfo = "sopt-37th-02Seminar";
		};
/* End PBXContainerItemProxy section */

/* Begin PBXFileReference section */
		1E5097CF2EAE396A00DA0C45 /* AppDelegate.swift */ = {isa = PBXFileReference; lastKnownFileType = sourcecode.swift; path = AppDelegate.swift; sourceTree = "<group>"; };
		1E5097D02EAE396A00DA0C45 /* Assets.xcassets */ = {isa = PBXFileReference; lastKnownFileType = folder.assetcatalog; path = Assets.xcassets; sourceTree = "<group>"; };
		1E5097D12EAE396A00DA0C45 /* Info.plist */ = {isa = PBXFileReference; lastKnownFileType = text.plist.xml; path = Info.plist; sourceTree = "<group>"; };
		1E5097D42EAE396A00DA0C45 /* SceneDelegate.swift */ = {isa = PBXFileReference; lastKnownFileType = sourcecode.swift; path = SceneDelegate.swift; sourceTree = "<group>"; };
		1E5097D72EAE396A00DA0C45 /* Base */ = {isa = PBXFileReference; lastKnownFileType = file.storyboard; name = Base; path = Base.lproj/LaunchScreen.storyboard; sourceTree = "<group>"; };
		1E6F3B772EA35E91007B5D26 /* sopt-37th-02Seminar.app */ = {isa = PBXFileReference; explicitFileType = wrapper.application; includeInIndex = 0; path = "sopt-37th-02Seminar.app"; sourceTree = BUILT_PRODUCTS_DIR; };
		1EC085742EC8A6E1005FCD59 /* sopt-37th-02SeminarTests.xctest */ = {isa = PBXFileReference; explicitFileType = wrapper.cfbundle; includeInIndex = 0; path = "sopt-37th-02SeminarTests.xctest"; sourceTree = BUILT_PRODUCTS_DIR; };
/* End PBXFileReference section */

/* Begin PBXFileSystemSynchronizedRootGroup section */
		1E0A9AC32EB3CFC6005BAAE7 /* SubClassing */ = {
			isa = PBXFileSystemSynchronizedRootGroup;
			path = SubClassing;
			sourceTree = "<group>";
		};
		1E5098072EAE417800DA0C45 /* sopt-37th-assignment */ = {
			isa = PBXFileSystemSynchronizedRootGroup;
			path = "sopt-37th-assignment";
			sourceTree = "<group>";
		};
		1E50980C2EAE41CB00DA0C45 /* Extension */ = {
			isa = PBXFileSystemSynchronizedRootGroup;
			path = Extension;
			sourceTree = "<group>";
		};
		1E5098942EAE9BB500DA0C45 /* Font */ = {
			isa = PBXFileSystemSynchronizedRootGroup;
			path = Font;
			sourceTree = "<group>";
		};
		1EC085752EC8A6E1005FCD59 /* sopt-37th-02SeminarTests */ = {
			isa = PBXFileSystemSynchronizedRootGroup;
			path = "sopt-37th-02SeminarTests";
			sourceTree = "<group>";
		};
/* End PBXFileSystemSynchronizedRootGroup section */

/* Begin PBXFrameworksBuildPhase section */
		1E6F3B742EA35E91007B5D26 /* Frameworks */ = {
			isa = PBXFrameworksBuildPhase;
			buildActionMask = 2147483647;
			files = (
				1E6F3BA62EA38B3D007B5D26 /* SnapKit in Frameworks */,
				1E5099652EB22A4600DA0C45 /* Then in Frameworks */,
			);
			runOnlyForDeploymentPostprocessing = 0;
		};
		1EC085712EC8A6E1005FCD59 /* Frameworks */ = {
			isa = PBXFrameworksBuildPhase;
			buildActionMask = 2147483647;
			files = (
			);
			runOnlyForDeploymentPostprocessing = 0;
		};
/* End PBXFrameworksBuildPhase section */

/* Begin PBXGroup section */
		1E6F3B6E2EA35E91007B5D26 = {
			isa = PBXGroup;
			children = (
				1E0A9AC32EB3CFC6005BAAE7 /* SubClassing */,
				1E50980C2EAE41CB00DA0C45 /* Extension */,
				1E5098072EAE417800DA0C45 /* sopt-37th-assignment */,
				1EC085752EC8A6E1005FCD59 /* sopt-37th-02SeminarTests */,
				1E6F3B782EA35E91007B5D26 /* Products */,
				1E5098942EAE9BB500DA0C45 /* Font */,
				1E5097D42EAE396A00DA0C45 /* SceneDelegate.swift */,
				1E5097CF2EAE396A00DA0C45 /* AppDelegate.swift */,
				1E5097D02EAE396A00DA0C45 /* Assets.xcassets */,
				1E5097D12EAE396A00DA0C45 /* Info.plist */,
				1E5097D22EAE396A00DA0C45 /* LaunchScreen.storyboard */,
			);
			sourceTree = "<group>";
		};
		1E6F3B782EA35E91007B5D26 /* Products */ = {
			isa = PBXGroup;
			children = (
				1E6F3B772EA35E91007B5D26 /* sopt-37th-02Seminar.app */,
				1EC085742EC8A6E1005FCD59 /* sopt-37th-02SeminarTests.xctest */,
			);
			name = Products;
			sourceTree = "<group>";
		};
/* End PBXGroup section */

/* Begin PBXNativeTarget section */
		1E6F3B762EA35E91007B5D26 /* sopt-37th-02Seminar */ = {
			isa = PBXNativeTarget;
			buildConfigurationList = 1E6F3B8A2EA35E92007B5D26 /* Build configuration list for PBXNativeTarget "sopt-37th-02Seminar" */;
			buildPhases = (
				1E6F3B732EA35E91007B5D26 /* Sources */,
				1E6F3B742EA35E91007B5D26 /* Frameworks */,
				1E6F3B752EA35E91007B5D26 /* Resources */,
			);
			buildRules = (
			);
			dependencies = (
			);
			fileSystemSynchronizedGroups = (
				1E0A9AC32EB3CFC6005BAAE7 /* SubClassing */,
				1E5098072EAE417800DA0C45 /* sopt-37th-assignment */,
				1E50980C2EAE41CB00DA0C45 /* Extension */,
				1E5098942EAE9BB500DA0C45 /* Font */,
			);
			name = "sopt-37th-02Seminar";
			packageProductDependencies = (
				1E6F3BA52EA38B3D007B5D26 /* SnapKit */,
				1E5099642EB22A4600DA0C45 /* Then */,
			);
			productName = "sopt-37th-02Seminar";
			productReference = 1E6F3B772EA35E91007B5D26 /* sopt-37th-02Seminar.app */;
			productType = "com.apple.product-type.application";
		};
		1EC085732EC8A6E1005FCD59 /* sopt-37th-02SeminarTests */ = {
			isa = PBXNativeTarget;
			buildConfigurationList = 1EC0857C2EC8A6E1005FCD59 /* Build configuration list for PBXNativeTarget "sopt-37th-02SeminarTests" */;
			buildPhases = (
				1EC085702EC8A6E1005FCD59 /* Sources */,
				1EC085712EC8A6E1005FCD59 /* Frameworks */,
				1EC085722EC8A6E1005FCD59 /* Resources */,
			);
			buildRules = (
			);
			dependencies = (
				1EC085792EC8A6E1005FCD59 /* PBXTargetDependency */,
			);
			fileSystemSynchronizedGroups = (
				1EC085752EC8A6E1005FCD59 /* sopt-37th-02SeminarTests */,
			);
			name = "sopt-37th-02SeminarTests";
			packageProductDependencies = (
			);
			productName = "sopt-37th-02SeminarTests";
			productReference = 1EC085742EC8A6E1005FCD59 /* sopt-37th-02SeminarTests.xctest */;
			productType = "com.apple.product-type.bundle.unit-test";
		};
/* End PBXNativeTarget section */

/* Begin PBXProject section */
		1E6F3B6F2EA35E91007B5D26 /* Project object */ = {
			isa = PBXProject;
			attributes = {
				BuildIndependentTargetsInParallel = 1;
				LastSwiftUpdateCheck = 2600;
				LastUpgradeCheck = 2600;
				TargetAttributes = {
					1E6F3B762EA35E91007B5D26 = {
						CreatedOnToolsVersion = 26.0.1;
					};
					1EC085732EC8A6E1005FCD59 = {
						CreatedOnToolsVersion = 26.0.1;
						TestTargetID = 1E6F3B762EA35E91007B5D26;
					};
				};
			};
			buildConfigurationList = 1E6F3B722EA35E91007B5D26 /* Build configuration list for PBXProject "sopt-37th-02Seminar" */;
			developmentRegion = en;
			hasScannedForEncodings = 0;
			knownRegions = (
				en,
				Base,
			);
			mainGroup = 1E6F3B6E2EA35E91007B5D26;
			minimizedProjectReferenceProxies = 1;
			packageReferences = (
				1E6F3BA42EA38B3D007B5D26 /* XCRemoteSwiftPackageReference "SnapKit" */,
				1E5099632EB22A4600DA0C45 /* XCRemoteSwiftPackageReference "Then" */,
			);
			preferredProjectObjectVersion = 77;
			productRefGroup = 1E6F3B782EA35E91007B5D26 /* Products */;
			projectDirPath = "";
			projectRoot = "";
			targets = (
				1E6F3B762EA35E91007B5D26 /* sopt-37th-02Seminar */,
				1EC085732EC8A6E1005FCD59 /* sopt-37th-02SeminarTests */,
			);
		};
/* End PBXProject section */

/* Begin PBXResourcesBuildPhase section */
		1E6F3B752EA35E91007B5D26 /* Resources */ = {
			isa = PBXResourcesBuildPhase;
			buildActionMask = 2147483647;
			files = (
				1E5097DB2EAE396A00DA0C45 /* Assets.xcassets in Resources */,
				1E5097DD2EAE396A00DA0C45 /* LaunchScreen.storyboard in Resources */,
			);
			runOnlyForDeploymentPostprocessing = 0;
		};
		1EC085722EC8A6E1005FCD59 /* Resources */ = {
			isa = PBXResourcesBuildPhase;
			buildActionMask = 2147483647;
			files = (
			);
			runOnlyForDeploymentPostprocessing = 0;
		};
/* End PBXResourcesBuildPhase section */

/* Begin PBXSourcesBuildPhase section */
		1E6F3B732EA35E91007B5D26 /* Sources */ = {
			isa = PBXSourcesBuildPhase;
			buildActionMask = 2147483647;
			files = (
				1E5097D82EAE396A00DA0C45 /* AppDelegate.swift in Sources */,
				1E5097D92EAE396A00DA0C45 /* SceneDelegate.swift in Sources */,
			);
			runOnlyForDeploymentPostprocessing = 0;
		};
		1EC085702EC8A6E1005FCD59 /* Sources */ = {
			isa = PBXSourcesBuildPhase;
			buildActionMask = 2147483647;
			files = (
			);
			runOnlyForDeploymentPostprocessing = 0;
		};
/* End PBXSourcesBuildPhase section */

/* Begin PBXTargetDependency section */
		1EC085792EC8A6E1005FCD59 /* PBXTargetDependency */ = {
			isa = PBXTargetDependency;
			target = 1E6F3B762EA35E91007B5D26 /* sopt-37th-02Seminar */;
			targetProxy = 1EC085782EC8A6E1005FCD59 /* PBXContainerItemProxy */;
		};
/* End PBXTargetDependency section */

/* Begin PBXVariantGroup section */
		1E5097D22EAE396A00DA0C45 /* LaunchScreen.storyboard */ = {
			isa = PBXVariantGroup;
			children = (
				1E5097D72EAE396A00DA0C45 /* Base */,
			);
			name = LaunchScreen.storyboard;
			sourceTree = "<group>";
		};
/* End PBXVariantGroup section */

/* Begin XCBuildConfiguration section */
		1E6F3B8B2EA35E92007B5D26 /* Debug */ = {
			isa = XCBuildConfiguration;
			buildSettings = {
				ASSETCATALOG_COMPILER_APPICON_NAME = AppIcon;
				ASSETCATALOG_COMPILER_GLOBAL_ACCENT_COLOR_NAME = AccentColor;
				CODE_SIGN_STYLE = Automatic;
				CURRENT_PROJECT_VERSION = 1;
				GENERATE_INFOPLIST_FILE = YES;
				INFOPLIST_FILE = "$(PROJECT_DIR)/Info.plist";
				INFOPLIST_KEY_UIApplicationSupportsIndirectInputEvents = YES;
				INFOPLIST_KEY_UILaunchStoryboardName = LaunchScreen;
				INFOPLIST_KEY_UISupportedInterfaceOrientations_iPad = "UIInterfaceOrientationPortrait UIInterfaceOrientationPortraitUpsideDown UIInterfaceOrientationLandscapeLeft UIInterfaceOrientationLandscapeRight";
				INFOPLIST_KEY_UISupportedInterfaceOrientations_iPhone = "UIInterfaceOrientationPortrait UIInterfaceOrientationLandscapeLeft UIInterfaceOrientationLandscapeRight";
				LD_RUNPATH_SEARCH_PATHS = (
					"$(inherited)",
					"@executable_path/Frameworks",
				);
				MARKETING_VERSION = 1.0;
				PRODUCT_BUNDLE_IDENTIFIER = "come.Jin.sopt-37th-02Seminar";
				PRODUCT_NAME = "$(TARGET_NAME)";
				STRING_CATALOG_GENERATE_SYMBOLS = YES;
				SWIFT_APPROACHABLE_CONCURRENCY = YES;
				SWIFT_DEFAULT_ACTOR_ISOLATION = MainActor;
				SWIFT_EMIT_LOC_STRINGS = YES;
				SWIFT_UPCOMING_FEATURE_MEMBER_IMPORT_VISIBILITY = YES;
				SWIFT_VERSION = 5.0;
				TARGETED_DEVICE_FAMILY = "1,2";
			};
			name = Debug;
		};
		1E6F3B8C2EA35E92007B5D26 /* Release */ = {
			isa = XCBuildConfiguration;
			buildSettings = {
				ASSETCATALOG_COMPILER_APPICON_NAME = AppIcon;
				ASSETCATALOG_COMPILER_GLOBAL_ACCENT_COLOR_NAME = AccentColor;
				CODE_SIGN_STYLE = Automatic;
				CURRENT_PROJECT_VERSION = 1;
				GENERATE_INFOPLIST_FILE = YES;
				INFOPLIST_FILE = "$(PROJECT_DIR)/Info.plist";
				INFOPLIST_KEY_UIApplicationSupportsIndirectInputEvents = YES;
				INFOPLIST_KEY_UILaunchStoryboardName = LaunchScreen;
				INFOPLIST_KEY_UISupportedInterfaceOrientations_iPad = "UIInterfaceOrientationPortrait UIInterfaceOrientationPortraitUpsideDown UIInterfaceOrientationLandscapeLeft UIInterfaceOrientationLandscapeRight";
				INFOPLIST_KEY_UISupportedInterfaceOrientations_iPhone = "UIInterfaceOrientationPortrait UIInterfaceOrientationLandscapeLeft UIInterfaceOrientationLandscapeRight";
				LD_RUNPATH_SEARCH_PATHS = (
					"$(inherited)",
					"@executable_path/Frameworks",
				);
				MARKETING_VERSION = 1.0;
				PRODUCT_BUNDLE_IDENTIFIER = "come.Jin.sopt-37th-02Seminar";
				PRODUCT_NAME = "$(TARGET_NAME)";
				STRING_CATALOG_GENERATE_SYMBOLS = YES;
				SWIFT_APPROACHABLE_CONCURRENCY = YES;
				SWIFT_DEFAULT_ACTOR_ISOLATION = MainActor;
				SWIFT_EMIT_LOC_STRINGS = YES;
				SWIFT_UPCOMING_FEATURE_MEMBER_IMPORT_VISIBILITY = YES;
				SWIFT_VERSION = 5.0;
				TARGETED_DEVICE_FAMILY = "1,2";
			};
			name = Release;
		};
		1E6F3B8D2EA35E92007B5D26 /* Debug */ = {
			isa = XCBuildConfiguration;
			buildSettings = {
				ALWAYS_SEARCH_USER_PATHS = NO;
				ASSETCATALOG_COMPILER_GENERATE_SWIFT_ASSET_SYMBOL_EXTENSIONS = YES;
				CLANG_ANALYZER_NONNULL = YES;
				CLANG_ANALYZER_NUMBER_OBJECT_CONVERSION = YES_AGGRESSIVE;
				CLANG_CXX_LANGUAGE_STANDARD = "gnu++20";
				CLANG_ENABLE_MODULES = YES;
				CLANG_ENABLE_OBJC_ARC = YES;
				CLANG_ENABLE_OBJC_WEAK = YES;
				CLANG_WARN_BLOCK_CAPTURE_AUTORELEASING = YES;
				CLANG_WARN_BOOL_CONVERSION = YES;
				CLANG_WARN_COMMA = YES;
				CLANG_WARN_CONSTANT_CONVERSION = YES;
				CLANG_WARN_DEPRECATED_OBJC_IMPLEMENTATIONS = YES;
				CLANG_WARN_DIRECT_OBJC_ISA_USAGE = YES_ERROR;
				CLANG_WARN_DOCUMENTATION_COMMENTS = YES;
				CLANG_WARN_EMPTY_BODY = YES;
				CLANG_WARN_ENUM_CONVERSION = YES;
				CLANG_WARN_INFINITE_RECURSION = YES;
				CLANG_WARN_INT_CONVERSION = YES;
				CLANG_WARN_NON_LITERAL_NULL_CONVERSION = YES;
				CLANG_WARN_OBJC_IMPLICIT_RETAIN_SELF = YES;
				CLANG_WARN_OBJC_LITERAL_CONVERSION = YES;
				CLANG_WARN_OBJC_ROOT_CLASS = YES_ERROR;
				CLANG_WARN_QUOTED_INCLUDE_IN_FRAMEWORK_HEADER = YES;
				CLANG_WARN_RANGE_LOOP_ANALYSIS = YES;
				CLANG_WARN_STRICT_PROTOTYPES = YES;
				CLANG_WARN_SUSPICIOUS_MOVE = YES;
				CLANG_WARN_UNGUARDED_AVAILABILITY = YES_AGGRESSIVE;
				CLANG_WARN_UNREACHABLE_CODE = YES;
				CLANG_WARN__DUPLICATE_METHOD_MATCH = YES;
				COPY_PHASE_STRIP = NO;
				DEBUG_INFORMATION_FORMAT = dwarf;
				ENABLE_STRICT_OBJC_MSGSEND = YES;
				ENABLE_TESTABILITY = YES;
				ENABLE_USER_SCRIPT_SANDBOXING = YES;
				GCC_C_LANGUAGE_STANDARD = gnu17;
				GCC_DYNAMIC_NO_PIC = NO;
				GCC_NO_COMMON_BLOCKS = YES;
				GCC_OPTIMIZATION_LEVEL = 0;
				GCC_PREPROCESSOR_DEFINITIONS = (
					"DEBUG=1",
					"$(inherited)",
				);
				GCC_WARN_64_TO_32_BIT_CONVERSION = YES;
				GCC_WARN_ABOUT_RETURN_TYPE = YES_ERROR;
				GCC_WARN_UNDECLARED_SELECTOR = YES;
				GCC_WARN_UNINITIALIZED_AUTOS = YES_AGGRESSIVE;
				GCC_WARN_UNUSED_FUNCTION = YES;
				GCC_WARN_UNUSED_VARIABLE = YES;
				IPHONEOS_DEPLOYMENT_TARGET = 26.0;
				LOCALIZATION_PREFERS_STRING_CATALOGS = YES;
				MTL_ENABLE_DEBUG_INFO = INCLUDE_SOURCE;
				MTL_FAST_MATH = YES;
				ONLY_ACTIVE_ARCH = YES;
				SDKROOT = iphoneos;
				SWIFT_ACTIVE_COMPILATION_CONDITIONS = "DEBUG $(inherited)";
				SWIFT_OPTIMIZATION_LEVEL = "-Onone";
			};
			name = Debug;
		};
		1E6F3B8E2EA35E92007B5D26 /* Release */ = {
			isa = XCBuildConfiguration;
			buildSettings = {
				ALWAYS_SEARCH_USER_PATHS = NO;
				ASSETCATALOG_COMPILER_GENERATE_SWIFT_ASSET_SYMBOL_EXTENSIONS = YES;
				CLANG_ANALYZER_NONNULL = YES;
				CLANG_ANALYZER_NUMBER_OBJECT_CONVERSION = YES_AGGRESSIVE;
				CLANG_CXX_LANGUAGE_STANDARD = "gnu++20";
				CLANG_ENABLE_MODULES = YES;
				CLANG_ENABLE_OBJC_ARC = YES;
				CLANG_ENABLE_OBJC_WEAK = YES;
				CLANG_WARN_BLOCK_CAPTURE_AUTORELEASING = YES;
				CLANG_WARN_BOOL_CONVERSION = YES;
				CLANG_WARN_COMMA = YES;
				CLANG_WARN_CONSTANT_CONVERSION = YES;
				CLANG_WARN_DEPRECATED_OBJC_IMPLEMENTATIONS = YES;
				CLANG_WARN_DIRECT_OBJC_ISA_USAGE = YES_ERROR;
				CLANG_WARN_DOCUMENTATION_COMMENTS = YES;
				CLANG_WARN_EMPTY_BODY = YES;
				CLANG_WARN_ENUM_CONVERSION = YES;
				CLANG_WARN_INFINITE_RECURSION = YES;
				CLANG_WARN_INT_CONVERSION = YES;
				CLANG_WARN_NON_LITERAL_NULL_CONVERSION = YES;
				CLANG_WARN_OBJC_IMPLICIT_RETAIN_SELF = YES;
				CLANG_WARN_OBJC_LITERAL_CONVERSION = YES;
				CLANG_WARN_OBJC_ROOT_CLASS = YES_ERROR;
				CLANG_WARN_QUOTED_INCLUDE_IN_FRAMEWORK_HEADER = YES;
				CLANG_WARN_RANGE_LOOP_ANALYSIS = YES;
				CLANG_WARN_STRICT_PROTOTYPES = YES;
				CLANG_WARN_SUSPICIOUS_MOVE = YES;
				CLANG_WARN_UNGUARDED_AVAILABILITY = YES_AGGRESSIVE;
				CLANG_WARN_UNREACHABLE_CODE = YES;
				CLANG_WARN__DUPLICATE_METHOD_MATCH = YES;
				COPY_PHASE_STRIP = NO;
				DEBUG_INFORMATION_FORMAT = "dwarf-with-dsym";
				ENABLE_NS_ASSERTIONS = NO;
				ENABLE_STRICT_OBJC_MSGSEND = YES;
				ENABLE_USER_SCRIPT_SANDBOXING = YES;
				GCC_C_LANGUAGE_STANDARD = gnu17;
				GCC_NO_COMMON_BLOCKS = YES;
				GCC_WARN_64_TO_32_BIT_CONVERSION = YES;
				GCC_WARN_ABOUT_RETURN_TYPE = YES_ERROR;
				GCC_WARN_UNDECLARED_SELECTOR = YES;
				GCC_WARN_UNINITIALIZED_AUTOS = YES_AGGRESSIVE;
				GCC_WARN_UNUSED_FUNCTION = YES;
				GCC_WARN_UNUSED_VARIABLE = YES;
				IPHONEOS_DEPLOYMENT_TARGET = 26.0;
				LOCALIZATION_PREFERS_STRING_CATALOGS = YES;
				MTL_ENABLE_DEBUG_INFO = NO;
				MTL_FAST_MATH = YES;
				SDKROOT = iphoneos;
				SWIFT_COMPILATION_MODE = wholemodule;
				VALIDATE_PRODUCT = YES;
			};
			name = Release;
		};
		1EC0857A2EC8A6E1005FCD59 /* Debug */ = {
			isa = XCBuildConfiguration;
			buildSettings = {
				BUNDLE_LOADER = "$(TEST_HOST)";
				CODE_SIGN_STYLE = Automatic;
				CURRENT_PROJECT_VERSION = 1;
				DEVELOPMENT_TEAM = 5RA2A76S4S;
				GENERATE_INFOPLIST_FILE = YES;
				MARKETING_VERSION = 1.0;
				PRODUCT_BUNDLE_IDENTIFIER = "come.Jin.sopt-37th-02SeminarTests";
				PRODUCT_NAME = "$(TARGET_NAME)";
				STRING_CATALOG_GENERATE_SYMBOLS = NO;
				SWIFT_APPROACHABLE_CONCURRENCY = YES;
				SWIFT_EMIT_LOC_STRINGS = NO;
				SWIFT_UPCOMING_FEATURE_MEMBER_IMPORT_VISIBILITY = YES;
				SWIFT_VERSION = 5.0;
				TARGETED_DEVICE_FAMILY = "1,2";
				TEST_HOST = "$(BUILT_PRODUCTS_DIR)/sopt-37th-02Seminar.app/$(BUNDLE_EXECUTABLE_FOLDER_PATH)/sopt-37th-02Seminar";
			};
			name = Debug;
		};
		1EC0857B2EC8A6E1005FCD59 /* Release */ = {
			isa = XCBuildConfiguration;
			buildSettings = {
				BUNDLE_LOADER = "$(TEST_HOST)";
				CODE_SIGN_STYLE = Automatic;
				CURRENT_PROJECT_VERSION = 1;
				DEVELOPMENT_TEAM = 5RA2A76S4S;
				GENERATE_INFOPLIST_FILE = YES;
				MARKETING_VERSION = 1.0;
				PRODUCT_BUNDLE_IDENTIFIER = "come.Jin.sopt-37th-02SeminarTests";
				PRODUCT_NAME = "$(TARGET_NAME)";
				STRING_CATALOG_GENERATE_SYMBOLS = NO;
				SWIFT_APPROACHABLE_CONCURRENCY = YES;
				SWIFT_EMIT_LOC_STRINGS = NO;
				SWIFT_UPCOMING_FEATURE_MEMBER_IMPORT_VISIBILITY = YES;
				SWIFT_VERSION = 5.0;
				TARGETED_DEVICE_FAMILY = "1,2";
				TEST_HOST = "$(BUILT_PRODUCTS_DIR)/sopt-37th-02Seminar.app/$(BUNDLE_EXECUTABLE_FOLDER_PATH)/sopt-37th-02Seminar";
			};
			name = Release;
		};
/* End XCBuildConfiguration section */

/* Begin XCConfigurationList section */
		1E6F3B722EA35E91007B5D26 /* Build configuration list for PBXProject "sopt-37th-02Seminar" */ = {
			isa = XCConfigurationList;
			buildConfigurations = (
				1E6F3B8D2EA35E92007B5D26 /* Debug */,
				1E6F3B8E2EA35E92007B5D26 /* Release */,
			);
			defaultConfigurationIsVisible = 0;
			defaultConfigurationName = Release;
		};
		1E6F3B8A2EA35E92007B5D26 /* Build configuration list for PBXNativeTarget "sopt-37th-02Seminar" */ = {
			isa = XCConfigurationList;
			buildConfigurations = (
				1E6F3B8B2EA35E92007B5D26 /* Debug */,
				1E6F3B8C2EA35E92007B5D26 /* Release */,
			);
			defaultConfigurationIsVisible = 0;
			defaultConfigurationName = Release;
		};
		1EC0857C2EC8A6E1005FCD59 /* Build configuration list for PBXNativeTarget "sopt-37th-02SeminarTests" */ = {
			isa = XCConfigurationList;
			buildConfigurations = (
				1EC0857A2EC8A6E1005FCD59 /* Debug */,
				1EC0857B2EC8A6E1005FCD59 /* Release */,
			);
			defaultConfigurationIsVisible = 0;
			defaultConfigurationName = Release;
		};
/* End XCConfigurationList section */

/* Begin XCRemoteSwiftPackageReference section */
		1E5099632EB22A4600DA0C45 /* XCRemoteSwiftPackageReference "Then" */ = {
			isa = XCRemoteSwiftPackageReference;
			repositoryURL = "https://github.com/devxoul/Then";
			requirement = {
				kind = upToNextMajorVersion;
				minimumVersion = 3.0.0;
			};
		};
		1E6F3BA42EA38B3D007B5D26 /* XCRemoteSwiftPackageReference "SnapKit" */ = {
			isa = XCRemoteSwiftPackageReference;
			repositoryURL = "https://github.com/SnapKit/SnapKit";
			requirement = {
				kind = upToNextMajorVersion;
				minimumVersion = 5.7.1;
			};
		};
/* End XCRemoteSwiftPackageReference section */

/* Begin XCSwiftPackageProductDependency section */
		1E5099642EB22A4600DA0C45 /* Then */ = {
			isa = XCSwiftPackageProductDependency;
			package = 1E5099632EB22A4600DA0C45 /* XCRemoteSwiftPackageReference "Then" */;
			productName = Then;
		};
		1E6F3BA52EA38B3D007B5D26 /* SnapKit */ = {
			isa = XCSwiftPackageProductDependency;
			package = 1E6F3BA42EA38B3D007B5D26 /* XCRemoteSwiftPackageReference "SnapKit" */;
			productName = SnapKit;
		};
/* End XCSwiftPackageProductDependency section */
	};
	rootObject = 1E6F3B6F2EA35E91007B5D26 /* Project object */;
}
