// !$*UTF8*$!
{
	archiveVersion = 1;
	classes = {
	};
	objectVersion = 77;
	objects = {

/* Begin PBXBuildFile section */
		F652F5FC2EFED0210000E20A /* Assets.xcassets in Resources */ = {isa = PBXBuildFile; fileRef = F652F5F82EFED0210000E20A /* Assets.xcassets */; };
		F652F6002EFED0510000E20A /* CalculatorTypes.swift in Sources */ = {isa = PBXBuildFile; fileRef = F652F5FF2EFED0510000E20A /* CalculatorTypes.swift */; };
		F652F6022EFED0850000E20A /* CalculatorEngine.swift in Sources */ = {isa = PBXBuildFile; fileRef = F652F6012EFED0850000E20A /* CalculatorEngine.swift */; };
		F652F6042EFED0900000E20A /* DefaultCalculatorEngine.swift in Sources */ = {isa = PBXBuildFile; fileRef = F652F6032EFED0900000E20A /* DefaultCalculatorEngine.swift */; };
		F652F6062EFED0C30000E20A /* CalculatorViewModel.swift in Sources */ = {isa = PBXBuildFile; fileRef = F652F6052EFED0C30000E20A /* CalculatorViewModel.swift */; };
		F652F6082EFED0F30000E20A /* AppContainer.swift in Sources */ = {isa = PBXBuildFile; fileRef = F652F6072EFED0F30000E20A /* AppContainer.swift */; };
		F652F60A2EFED1030000E20A /* CalculatorApp.swift in Sources */ = {isa = PBXBuildFile; fileRef = F652F6092EFED1030000E20A /* CalculatorApp.swift */; };
		F652F60C2EFED1160000E20A /* CalculatorButton.swift in Sources */ = {isa = PBXBuildFile; fileRef = F652F60B2EFED1160000E20A /* CalculatorButton.swift */; };
		F652F60E2EFED1280000E20A /* CalculatorKeyStyle.swift in Sources */ = {isa = PBXBuildFile; fileRef = F652F60D2EFED1280000E20A /* CalculatorKeyStyle.swift */; };
		F652F6102EFED14A0000E20A /* CalculatorView.swift in Sources */ = {isa = PBXBuildFile; fileRef = F652F60F2EFED14A0000E20A /* CalculatorView.swift */; };
/* End PBXBuildFile section */

/* Begin PBXContainerItemProxy section */
		F652F61F2EFED2D60000E20A /* PBXContainerItemProxy */ = {
			isa = PBXContainerItemProxy;
			containerPortal = F652F5D82EFECFBC0000E20A /* Project object */;
			proxyType = 1;
			remoteGlobalIDString = F652F5DF2EFECFBC0000E20A;
			remoteInfo = Calculator;
		};
/* End PBXContainerItemProxy section */

/* Begin PBXFileReference section */
		F652F5E02EFECFBC0000E20A /* Calculator.app */ = {isa = PBXFileReference; explicitFileType = wrapper.application; includeInIndex = 0; path = Calculator.app; sourceTree = BUILT_PRODUCTS_DIR; };
		F652F5F82EFED0210000E20A /* Assets.xcassets */ = {isa = PBXFileReference; lastKnownFileType = folder.assetcatalog; path = Assets.xcassets; sourceTree = "<group>"; };
		F652F5FF2EFED0510000E20A /* CalculatorTypes.swift */ = {isa = PBXFileReference; lastKnownFileType = sourcecode.swift; path = CalculatorTypes.swift; sourceTree = "<group>"; };
		F652F6012EFED0850000E20A /* CalculatorEngine.swift */ = {isa = PBXFileReference; lastKnownFileType = sourcecode.swift; path = CalculatorEngine.swift; sourceTree = "<group>"; };
		F652F6032EFED0900000E20A /* DefaultCalculatorEngine.swift */ = {isa = PBXFileReference; lastKnownFileType = sourcecode.swift; path = DefaultCalculatorEngine.swift; sourceTree = "<group>"; };
		F652F6052EFED0C30000E20A /* CalculatorViewModel.swift */ = {isa = PBXFileReference; lastKnownFileType = sourcecode.swift; path = CalculatorViewModel.swift; sourceTree = "<group>"; };
		F652F6072EFED0F30000E20A /* AppContainer.swift */ = {isa = PBXFileReference; lastKnownFileType = sourcecode.swift; path = AppContainer.swift; sourceTree = "<group>"; };
		F652F6092EFED1030000E20A /* CalculatorApp.swift */ = {isa = PBXFileReference; lastKnownFileType = sourcecode.swift; path = CalculatorApp.swift; sourceTree = "<group>"; };
		F652F60B2EFED1160000E20A /* CalculatorButton.swift */ = {isa = PBXFileReference; lastKnownFileType = sourcecode.swift; path = CalculatorButton.swift; sourceTree = "<group>"; };
		F652F60D2EFED1280000E20A /* CalculatorKeyStyle.swift */ = {isa = PBXFileReference; lastKnownFileType = sourcecode.swift; path = CalculatorKeyStyle.swift; sourceTree = "<group>"; };
		F652F60F2EFED14A0000E20A /* CalculatorView.swift */ = {isa = PBXFileReference; lastKnownFileType = sourcecode.swift; path = CalculatorView.swift; sourceTree = "<group>"; };
		F652F61B2EFED2D60000E20A /* CalculatorTests.xctest */ = {isa = PBXFileReference; explicitFileType = wrapper.cfbundle; includeInIndex = 0; path = CalculatorTests.xctest; sourceTree = BUILT_PRODUCTS_DIR; };
/* End PBXFileReference section */

/* Begin PBXFileSystemSynchronizedRootGroup section */
		F652F61C2EFED2D60000E20A /* CalculatorTests */ = {
			isa = PBXFileSystemSynchronizedRootGroup;
			path = CalculatorTests;
			sourceTree = "<group>";
		};
/* End PBXFileSystemSynchronizedRootGroup section */

/* Begin PBXFrameworksBuildPhase section */
		F652F5DD2EFECFBC0000E20A /* Frameworks */ = {
			isa = PBXFrameworksBuildPhase;
			buildActionMask = 2147483647;
			files = (
			);
			runOnlyForDeploymentPostprocessing = 0;
		};
		F652F6182EFED2D60000E20A /* Frameworks */ = {
			isa = PBXFrameworksBuildPhase;
			buildActionMask = 2147483647;
			files = (
			);
			runOnlyForDeploymentPostprocessing = 0;
		};
/* End PBXFrameworksBuildPhase section */

/* Begin PBXGroup section */
		F652F5D72EFECFBC0000E20A = {
			isa = PBXGroup;
			children = (
				F652F5FB2EFED0210000E20A /* Calculator */,
				F652F61C2EFED2D60000E20A /* CalculatorTests */,
				F652F5E12EFECFBC0000E20A /* Products */,
			);
			sourceTree = "<group>";
		};
		F652F5E12EFECFBC0000E20A /* Products */ = {
			isa = PBXGroup;
			children = (
				F652F5E02EFECFBC0000E20A /* Calculator.app */,
				F652F61B2EFED2D60000E20A /* CalculatorTests.xctest */,
			);
			name = Products;
			sourceTree = "<group>";
		};
		F652F5F32EFED0210000E20A /* App */ = {
			isa = PBXGroup;
			children = (
				F652F6092EFED1030000E20A /* CalculatorApp.swift */,
				F652F6072EFED0F30000E20A /* AppContainer.swift */,
			);
			path = App;
			sourceTree = "<group>";
		};
		F652F5F42EFED0210000E20A /* Domain */ = {
			isa = PBXGroup;
			children = (
				F652F6032EFED0900000E20A /* DefaultCalculatorEngine.swift */,
				F652F6012EFED0850000E20A /* CalculatorEngine.swift */,
				F652F5FF2EFED0510000E20A /* CalculatorTypes.swift */,
			);
			path = Domain;
			sourceTree = "<group>";
		};
		F652F5F52EFED0210000E20A /* Presentation */ = {
			isa = PBXGroup;
			children = (
				F652F6052EFED0C30000E20A /* CalculatorViewModel.swift */,
			);
			path = Presentation;
			sourceTree = "<group>";
		};
		F652F5F72EFED0210000E20A /* UI */ = {
			isa = PBXGroup;
			children = (
				F652F60F2EFED14A0000E20A /* CalculatorView.swift */,
				F652F60D2EFED1280000E20A /* CalculatorKeyStyle.swift */,
				F652F60B2EFED1160000E20A /* CalculatorButton.swift */,
			);
			path = UI;
			sourceTree = "<group>";
		};
		F652F5FB2EFED0210000E20A /* Calculator */ = {
			isa = PBXGroup;
			children = (
				F652F5F32EFED0210000E20A /* App */,
				F652F5F42EFED0210000E20A /* Domain */,
				F652F5F52EFED0210000E20A /* Presentation */,
				F652F5F72EFED0210000E20A /* UI */,
				F652F5F82EFED0210000E20A /* Assets.xcassets */,
			);
			path = Calculator;
			sourceTree = "<group>";
		};
/* End PBXGroup section */

/* Begin PBXNativeTarget section */
		F652F5DF2EFECFBC0000E20A /* Calculator */ = {
			isa = PBXNativeTarget;
			buildConfigurationList = F652F5EB2EFECFBD0000E20A /* Build configuration list for PBXNativeTarget "Calculator" */;
			buildPhases = (
				F652F5DC2EFECFBC0000E20A /* Sources */,
				F652F5DD2EFECFBC0000E20A /* Frameworks */,
				F652F5DE2EFECFBC0000E20A /* Resources */,
			);
			buildRules = (
			);
			dependencies = (
			);
			name = Calculator;
			packageProductDependencies = (
			);
			productName = Calculator;
			productReference = F652F5E02EFECFBC0000E20A /* Calculator.app */;
			productType = "com.apple.product-type.application";
		};
		F652F61A2EFED2D60000E20A /* CalculatorTests */ = {
			isa = PBXNativeTarget;
			buildConfigurationList = F652F6212EFED2D70000E20A /* Build configuration list for PBXNativeTarget "CalculatorTests" */;
			buildPhases = (
				F652F6172EFED2D60000E20A /* Sources */,
				F652F6182EFED2D60000E20A /* Frameworks */,
				F652F6192EFED2D60000E20A /* Resources */,
			);
			buildRules = (
			);
			dependencies = (
				F652F6202EFED2D60000E20A /* PBXTargetDependency */,
			);
			fileSystemSynchronizedGroups = (
				F652F61C2EFED2D60000E20A /* CalculatorTests */,
			);
			name = CalculatorTests;
			packageProductDependencies = (
			);
			productName = CalculatorTests;
			productReference = F652F61B2EFED2D60000E20A /* CalculatorTests.xctest */;
			productType = "com.apple.product-type.bundle.unit-test";
		};
/* End PBXNativeTarget section */

/* Begin PBXProject section */
		F652F5D82EFECFBC0000E20A /* Project object */ = {
			isa = PBXProject;
			attributes = {
				BuildIndependentTargetsInParallel = 1;
				LastSwiftUpdateCheck = 2620;
				LastUpgradeCheck = 2620;
				TargetAttributes = {
					F652F5DF2EFECFBC0000E20A = {
						CreatedOnToolsVersion = 26.2;
					};
					F652F61A2EFED2D60000E20A = {
						CreatedOnToolsVersion = 26.2;
						TestTargetID = F652F5DF2EFECFBC0000E20A;
					};
				};
			};
			buildConfigurationList = F652F5DB2EFECFBC0000E20A /* Build configuration list for PBXProject "Calculator" */;
			developmentRegion = en;
			hasScannedForEncodings = 0;
			knownRegions = (
				en,
				Base,
			);
			mainGroup = F652F5D72EFECFBC0000E20A;
			minimizedProjectReferenceProxies = 1;
			preferredProjectObjectVersion = 77;
			productRefGroup = F652F5E12EFECFBC0000E20A /* Products */;
			projectDirPath = "";
			projectRoot = "";
			targets = (
				F652F5DF2EFECFBC0000E20A /* Calculator */,
				F652F61A2EFED2D60000E20A /* CalculatorTests */,
			);
		};
/* End PBXProject section */

/* Begin PBXResourcesBuildPhase section */
		F652F5DE2EFECFBC0000E20A /* Resources */ = {
			isa = PBXResourcesBuildPhase;
			buildActionMask = 2147483647;
			files = (
				F652F5FC2EFED0210000E20A /* Assets.xcassets in Resources */,
			);
			runOnlyForDeploymentPostprocessing = 0;
		};
		F652F6192EFED2D60000E20A /* Resources */ = {
			isa = PBXResourcesBuildPhase;
			buildActionMask = 2147483647;
			files = (
			);
			runOnlyForDeploymentPostprocessing = 0;
		};
/* End PBXResourcesBuildPhase section */

/* Begin PBXSourcesBuildPhase section */
		F652F5DC2EFECFBC0000E20A /* Sources */ = {
			isa = PBXSourcesBuildPhase;
			buildActionMask = 2147483647;
			files = (
				F652F6022EFED0850000E20A /* CalculatorEngine.swift in Sources */,
				F652F60C2EFED1160000E20A /* CalculatorButton.swift in Sources */,
				F652F6042EFED0900000E20A /* DefaultCalculatorEngine.swift in Sources */,
				F652F6062EFED0C30000E20A /* CalculatorViewModel.swift in Sources */,
				F652F6002EFED0510000E20A /* CalculatorTypes.swift in Sources */,
				F652F6082EFED0F30000E20A /* AppContainer.swift in Sources */,
				F652F60A2EFED1030000E20A /* CalculatorApp.swift in Sources */,
				F652F6102EFED14A0000E20A /* CalculatorView.swift in Sources */,
				F652F60E2EFED1280000E20A /* CalculatorKeyStyle.swift in Sources */,
			);
			runOnlyForDeploymentPostprocessing = 0;
		};
		F652F6172EFED2D60000E20A /* Sources */ = {
			isa = PBXSourcesBuildPhase;
			buildActionMask = 2147483647;
			files = (
			);
			runOnlyForDeploymentPostprocessing = 0;
		};
/* End PBXSourcesBuildPhase section */

/* Begin PBXTargetDependency section */
		F652F6202EFED2D60000E20A /* PBXTargetDependency */ = {
			isa = PBXTargetDependency;
			target = F652F5DF2EFECFBC0000E20A /* Calculator */;
			targetProxy = F652F61F2EFED2D60000E20A /* PBXContainerItemProxy */;
		};
/* End PBXTargetDependency section */

/* Begin XCBuildConfiguration section */
		F652F5E92EFECFBD0000E20A /* Debug */ = {
			isa = XCBuildConfiguration;
			buildSettings = {
				ALWAYS_SEARCH_USER_PATHS = NO;
				ASSETCATALOG_COMPILER_GENERATE_SWIFT_ASSET_SYMBOL_EXTENSIONS = YES;
				CLANG_ANALYZER_NONNULL = YES;
				CLANG_ANALYZER_NUMBER_OBJECT_CONVERSION = YES_AGGRESSIVE;
				CLANG_CXX_LANGUAGE_STANDARD = "gnu++20";
				CLANG_ENABLE_MODULES = YES;
				CLANG_ENABLE_OBJC_ARC = YES;
				CLANG_ENABLE_OBJC_WEAK = YES;
				CLANG_WARN_BLOCK_CAPTURE_AUTORELEASING = YES;
				CLANG_WARN_BOOL_CONVERSION = YES;
				CLANG_WARN_COMMA = YES;
				CLANG_WARN_CONSTANT_CONVERSION = YES;
				CLANG_WARN_DEPRECATED_OBJC_IMPLEMENTATIONS = YES;
				CLANG_WARN_DIRECT_OBJC_ISA_USAGE = YES_ERROR;
				CLANG_WARN_DOCUMENTATION_COMMENTS = YES;
				CLANG_WARN_EMPTY_BODY = YES;
				CLANG_WARN_ENUM_CONVERSION = YES;
				CLANG_WARN_INFINITE_RECURSION = YES;
				CLANG_WARN_INT_CONVERSION = YES;
				CLANG_WARN_NON_LITERAL_NULL_CONVERSION = YES;
				CLANG_WARN_OBJC_IMPLICIT_RETAIN_SELF = YES;
				CLANG_WARN_OBJC_LITERAL_CONVERSION = YES;
				CLANG_WARN_OBJC_ROOT_CLASS = YES_ERROR;
				CLANG_WARN_QUOTED_INCLUDE_IN_FRAMEWORK_HEADER = YES;
				CLANG_WARN_RANGE_LOOP_ANALYSIS = YES;
				CLANG_WARN_STRICT_PROTOTYPES = YES;
				CLANG_WARN_SUSPICIOUS_MOVE = YES;
				CLANG_WARN_UNGUARDED_AVAILABILITY = YES_AGGRESSIVE;
				CLANG_WARN_UNREACHABLE_CODE = YES;
				CLANG_WARN__DUPLICATE_METHOD_MATCH = YES;
				COPY_PHASE_STRIP = NO;
				DEBUG_INFORMATION_FORMAT = dwarf;
				ENABLE_STRICT_OBJC_MSGSEND = YES;
				ENABLE_TESTABILITY = YES;
				ENABLE_USER_SCRIPT_SANDBOXING = YES;
				GCC_C_LANGUAGE_STANDARD = gnu17;
				GCC_DYNAMIC_NO_PIC = NO;
				GCC_NO_COMMON_BLOCKS = YES;
				GCC_OPTIMIZATION_LEVEL = 0;
				GCC_PREPROCESSOR_DEFINITIONS = (
					"DEBUG=1",
					"$(inherited)",
				);
				GCC_WARN_64_TO_32_BIT_CONVERSION = YES;
				GCC_WARN_ABOUT_RETURN_TYPE = YES_ERROR;
				GCC_WARN_UNDECLARED_SELECTOR = YES;
				GCC_WARN_UNINITIALIZED_AUTOS = YES_AGGRESSIVE;
				GCC_WARN_UNUSED_FUNCTION = YES;
				GCC_WARN_UNUSED_VARIABLE = YES;
				IPHONEOS_DEPLOYMENT_TARGET = 26.2;
				LOCALIZATION_PREFERS_STRING_CATALOGS = YES;
				MTL_ENABLE_DEBUG_INFO = INCLUDE_SOURCE;
				MTL_FAST_MATH = YES;
				ONLY_ACTIVE_ARCH = YES;
				SDKROOT = iphoneos;
				SWIFT_ACTIVE_COMPILATION_CONDITIONS = "DEBUG $(inherited)";
				SWIFT_OPTIMIZATION_LEVEL = "-Onone";
			};
			name = Debug;
		};
		F652F5EA2EFECFBD0000E20A /* Release */ = {
			isa = XCBuildConfiguration;
			buildSettings = {
				ALWAYS_SEARCH_USER_PATHS = NO;
				ASSETCATALOG_COMPILER_GENERATE_SWIFT_ASSET_SYMBOL_EXTENSIONS = YES;
				CLANG_ANALYZER_NONNULL = YES;
				CLANG_ANALYZER_NUMBER_OBJECT_CONVERSION = YES_AGGRESSIVE;
				CLANG_CXX_LANGUAGE_STANDARD = "gnu++20";
				CLANG_ENABLE_MODULES = YES;
				CLANG_ENABLE_OBJC_ARC = YES;
				CLANG_ENABLE_OBJC_WEAK = YES;
				CLANG_WARN_BLOCK_CAPTURE_AUTORELEASING = YES;
				CLANG_WARN_BOOL_CONVERSION = YES;
				CLANG_WARN_COMMA = YES;
				CLANG_WARN_CONSTANT_CONVERSION = YES;
				CLANG_WARN_DEPRECATED_OBJC_IMPLEMENTATIONS = YES;
				CLANG_WARN_DIRECT_OBJC_ISA_USAGE = YES_ERROR;
				CLANG_WARN_DOCUMENTATION_COMMENTS = YES;
				CLANG_WARN_EMPTY_BODY = YES;
				CLANG_WARN_ENUM_CONVERSION = YES;
				CLANG_WARN_INFINITE_RECURSION = YES;
				CLANG_WARN_INT_CONVERSION = YES;
				CLANG_WARN_NON_LITERAL_NULL_CONVERSION = YES;
				CLANG_WARN_OBJC_IMPLICIT_RETAIN_SELF = YES;
				CLANG_WARN_OBJC_LITERAL_CONVERSION = YES;
				CLANG_WARN_OBJC_ROOT_CLASS = YES_ERROR;
				CLANG_WARN_QUOTED_INCLUDE_IN_FRAMEWORK_HEADER = YES;
				CLANG_WARN_RANGE_LOOP_ANALYSIS = YES;
				CLANG_WARN_STRICT_PROTOTYPES = YES;
				CLANG_WARN_SUSPICIOUS_MOVE = YES;
				CLANG_WARN_UNGUARDED_AVAILABILITY = YES_AGGRESSIVE;
				CLANG_WARN_UNREACHABLE_CODE = YES;
				CLANG_WARN__DUPLICATE_METHOD_MATCH = YES;
				COPY_PHASE_STRIP = NO;
				DEBUG_INFORMATION_FORMAT = "dwarf-with-dsym";
				ENABLE_NS_ASSERTIONS = NO;
				ENABLE_STRICT_OBJC_MSGSEND = YES;
				ENABLE_USER_SCRIPT_SANDBOXING = YES;
				GCC_C_LANGUAGE_STANDARD = gnu17;
				GCC_NO_COMMON_BLOCKS = YES;
				GCC_WARN_64_TO_32_BIT_CONVERSION = YES;
				GCC_WARN_ABOUT_RETURN_TYPE = YES_ERROR;
				GCC_WARN_UNDECLARED_SELECTOR = YES;
				GCC_WARN_UNINITIALIZED_AUTOS = YES_AGGRESSIVE;
				GCC_WARN_UNUSED_FUNCTION = YES;
				GCC_WARN_UNUSED_VARIABLE = YES;
				IPHONEOS_DEPLOYMENT_TARGET = 26.2;
				LOCALIZATION_PREFERS_STRING_CATALOGS = YES;
				MTL_ENABLE_DEBUG_INFO = NO;
				MTL_FAST_MATH = YES;
				SDKROOT = iphoneos;
				SWIFT_COMPILATION_MODE = wholemodule;
				VALIDATE_PRODUCT = YES;
			};
			name = Release;
		};
		F652F5EC2EFECFBD0000E20A /* Debug */ = {
			isa = XCBuildConfiguration;
			buildSettings = {
				ASSETCATALOG_COMPILER_APPICON_NAME = AppIcon;
				ASSETCATALOG_COMPILER_GLOBAL_ACCENT_COLOR_NAME = AccentColor;
				CODE_SIGN_STYLE = Automatic;
				CURRENT_PROJECT_VERSION = 1;
				ENABLE_PREVIEWS = YES;
				GENERATE_INFOPLIST_FILE = YES;
				INFOPLIST_KEY_UIApplicationSceneManifest_Generation = YES;
				INFOPLIST_KEY_UIApplicationSupportsIndirectInputEvents = YES;
				INFOPLIST_KEY_UILaunchScreen_Generation = YES;
				INFOPLIST_KEY_UISupportedInterfaceOrientations_iPad = "UIInterfaceOrientationPortrait UIInterfaceOrientationPortraitUpsideDown UIInterfaceOrientationLandscapeLeft UIInterfaceOrientationLandscapeRight";
				INFOPLIST_KEY_UISupportedInterfaceOrientations_iPhone = "UIInterfaceOrientationPortrait UIInterfaceOrientationLandscapeLeft UIInterfaceOrientationLandscapeRight";
				LD_RUNPATH_SEARCH_PATHS = (
					"$(inherited)",
					"@executable_path/Frameworks",
				);
				MARKETING_VERSION = 1.0;
				PRODUCT_BUNDLE_IDENTIFIER = com.koowihc.Calculator;
				PRODUCT_NAME = "$(TARGET_NAME)";
				STRING_CATALOG_GENERATE_SYMBOLS = YES;
				SWIFT_APPROACHABLE_CONCURRENCY = YES;
				SWIFT_DEFAULT_ACTOR_ISOLATION = MainActor;
				SWIFT_EMIT_LOC_STRINGS = YES;
				SWIFT_UPCOMING_FEATURE_MEMBER_IMPORT_VISIBILITY = YES;
				SWIFT_VERSION = 5.0;
				TARGETED_DEVICE_FAMILY = "1,2";
			};
			name = Debug;
		};
		F652F5ED2EFECFBD0000E20A /* Release */ = {
			isa = XCBuildConfiguration;
			buildSettings = {
				ASSETCATALOG_COMPILER_APPICON_NAME = AppIcon;
				ASSETCATALOG_COMPILER_GLOBAL_ACCENT_COLOR_NAME = AccentColor;
				CODE_SIGN_STYLE = Automatic;
				CURRENT_PROJECT_VERSION = 1;
				ENABLE_PREVIEWS = YES;
				GENERATE_INFOPLIST_FILE = YES;
				INFOPLIST_KEY_UIApplicationSceneManifest_Generation = YES;
				INFOPLIST_KEY_UIApplicationSupportsIndirectInputEvents = YES;
				INFOPLIST_KEY_UILaunchScreen_Generation = YES;
				INFOPLIST_KEY_UISupportedInterfaceOrientations_iPad = "UIInterfaceOrientationPortrait UIInterfaceOrientationPortraitUpsideDown UIInterfaceOrientationLandscapeLeft UIInterfaceOrientationLandscapeRight";
				INFOPLIST_KEY_UISupportedInterfaceOrientations_iPhone = "UIInterfaceOrientationPortrait UIInterfaceOrientationLandscapeLeft UIInterfaceOrientationLandscapeRight";
				LD_RUNPATH_SEARCH_PATHS = (
					"$(inherited)",
					"@executable_path/Frameworks",
				);
				MARKETING_VERSION = 1.0;
				PRODUCT_BUNDLE_IDENTIFIER = com.koowihc.Calculator;
				PRODUCT_NAME = "$(TARGET_NAME)";
				STRING_CATALOG_GENERATE_SYMBOLS = YES;
				SWIFT_APPROACHABLE_CONCURRENCY = YES;
				SWIFT_DEFAULT_ACTOR_ISOLATION = MainActor;
				SWIFT_EMIT_LOC_STRINGS = YES;
				SWIFT_UPCOMING_FEATURE_MEMBER_IMPORT_VISIBILITY = YES;
				SWIFT_VERSION = 5.0;
				TARGETED_DEVICE_FAMILY = "1,2";
			};
			name = Release;
		};
		F652F6222EFED2D70000E20A /* Debug */ = {
			isa = XCBuildConfiguration;
			buildSettings = {
				BUNDLE_LOADER = "$(TEST_HOST)";
				CODE_SIGN_STYLE = Automatic;
				CURRENT_PROJECT_VERSION = 1;
				GENERATE_INFOPLIST_FILE = YES;
				MARKETING_VERSION = 1.0;
				PRODUCT_BUNDLE_IDENTIFIER = com.koowihc.CalculatorTests;
				PRODUCT_NAME = "$(TARGET_NAME)";
				STRING_CATALOG_GENERATE_SYMBOLS = NO;
				SWIFT_APPROACHABLE_CONCURRENCY = YES;
				SWIFT_EMIT_LOC_STRINGS = NO;
				SWIFT_UPCOMING_FEATURE_MEMBER_IMPORT_VISIBILITY = YES;
				SWIFT_VERSION = 5.0;
				TARGETED_DEVICE_FAMILY = "1,2";
				TEST_HOST = "$(BUILT_PRODUCTS_DIR)/Calculator.app/$(BUNDLE_EXECUTABLE_FOLDER_PATH)/Calculator";
			};
			name = Debug;
		};
		F652F6232EFED2D70000E20A /* Release */ = {
			isa = XCBuildConfiguration;
			buildSettings = {
				BUNDLE_LOADER = "$(TEST_HOST)";
				CODE_SIGN_STYLE = Automatic;
				CURRENT_PROJECT_VERSION = 1;
				GENERATE_INFOPLIST_FILE = YES;
				MARKETING_VERSION = 1.0;
				PRODUCT_BUNDLE_IDENTIFIER = com.koowihc.CalculatorTests;
				PRODUCT_NAME = "$(TARGET_NAME)";
				STRING_CATALOG_GENERATE_SYMBOLS = NO;
				SWIFT_APPROACHABLE_CONCURRENCY = YES;
				SWIFT_EMIT_LOC_STRINGS = NO;
				SWIFT_UPCOMING_FEATURE_MEMBER_IMPORT_VISIBILITY = YES;
				SWIFT_VERSION = 5.0;
				TARGETED_DEVICE_FAMILY = "1,2";
				TEST_HOST = "$(BUILT_PRODUCTS_DIR)/Calculator.app/$(BUNDLE_EXECUTABLE_FOLDER_PATH)/Calculator";
			};
			name = Release;
		};
/* End XCBuildConfiguration section */

/* Begin XCConfigurationList section */
		F652F5DB2EFECFBC0000E20A /* Build configuration list for PBXProject "Calculator" */ = {
			isa = XCConfigurationList;
			buildConfigurations = (
				F652F5E92EFECFBD0000E20A /* Debug */,
				F652F5EA2EFECFBD0000E20A /* Release */,
			);
			defaultConfigurationIsVisible = 0;
			defaultConfigurationName = Release;
		};
		F652F5EB2EFECFBD0000E20A /* Build configuration list for PBXNativeTarget "Calculator" */ = {
			isa = XCConfigurationList;
			buildConfigurations = (
				F652F5EC2EFECFBD0000E20A /* Debug */,
				F652F5ED2EFECFBD0000E20A /* Release */,
			);
			defaultConfigurationIsVisible = 0;
			defaultConfigurationName = Release;
		};
		F652F6212EFED2D70000E20A /* Build configuration list for PBXNativeTarget "CalculatorTests" */ = {
			isa = XCConfigurationList;
			buildConfigurations = (
				F652F6222EFED2D70000E20A /* Debug */,
				F652F6232EFED2D70000E20A /* Release */,
			);
			defaultConfigurationIsVisible = 0;
			defaultConfigurationName = Release;
		};
/* End XCConfigurationList section */
	};
	rootObject = F652F5D82EFECFBC0000E20A /* Project object */;
}
